
Microsoft Visual Studio Solution File, Format Version 12.00
# Visual Studio 14
VisualStudioVersion = 14.0.22129.1
MinimumVisualStudioVersion = 10.0.40219.1
Project("{8BB2217D-0F2D-49D1-97BC-3654ED321F3B}") = "KLoggy.Web", "src\KLoggy.Web\KLoggy.Web.kproj", "{3B3B05AF-56EC-4624-8B1B-650CAC471AB2}"
EndProject
Project("{8BB2217D-0F2D-49D1-97BC-3654ED321F3B}") = "KLoggy.Domain", "src\KLoggy.Domain\KLoggy.Domain.kproj", "{43526BC4-46FE-4B05-8E5A-7D4A13761628}"
EndProject
Project("{2150E333-8FDC-42A3-9474-1A3956D46DE8}") = "tests", "tests", "{21D0E274-5ABA-4343-9203-B26D1FBEE1AF}"
EndProject
Project("{8BB2217D-0F2D-49D1-97BC-3654ED321F3B}") = "KLoggy.Web.Test", "test\KLoggy.Web.Test\KLoggy.Web.Test.kproj", "{13CBF5A6-2E77-42D9-9B42-42FF9D289530}"
EndProject
Project("{8BB2217D-0F2D-49D1-97BC-3654ED321F3B}") = "KLoggy.Wrappers.Akismet", "src\KLoggy.Wrappers.Akismet\KLoggy.Wrappers.Akismet.kproj", "{45D07470-A728-4413-9283-40D23E829489}"
EndProject
Global
	GlobalSection(SolutionConfigurationPlatforms) = preSolution
		Debug|Any CPU = Debug|Any CPU
		Release|Any CPU = Release|Any CPU
	EndGlobalSection
	GlobalSection(ProjectConfigurationPlatforms) = postSolution
		{3B3B05AF-56EC-4624-8B1B-650CAC471AB2}.Debug|Any CPU.ActiveCfg = Debug|Any CPU
		{3B3B05AF-56EC-4624-8B1B-650CAC471AB2}.Debug|Any CPU.Build.0 = Debug|Any CPU
		{3B3B05AF-56EC-4624-8B1B-650CAC471AB2}.Release|Any CPU.ActiveCfg = Release|Any CPU
		{3B3B05AF-56EC-4624-8B1B-650CAC471AB2}.Release|Any CPU.Build.0 = Release|Any CPU
		{43526BC4-46FE-4B05-8E5A-7D4A13761628}.Debug|Any CPU.ActiveCfg = Debug|Any CPU
		{43526BC4-46FE-4B05-8E5A-7D4A13761628}.Debug|Any CPU.Build.0 = Debug|Any CPU
		{43526BC4-46FE-4B05-8E5A-7D4A13761628}.Release|Any CPU.ActiveCfg = Release|Any CPU
		{43526BC4-46FE-4B05-8E5A-7D4A13761628}.Release|Any CPU.Build.0 = Release|Any CPU
		{13CBF5A6-2E77-42D9-9B42-42FF9D289530}.Debug|Any CPU.ActiveCfg = Debug|Any CPU
		{13CBF5A6-2E77-42D9-9B42-42FF9D289530}.Debug|Any CPU.Build.0 = Debug|Any CPU
		{13CBF5A6-2E77-42D9-9B42-42FF9D289530}.Release|Any CPU.ActiveCfg = Release|Any CPU
		{13CBF5A6-2E77-42D9-9B42-42FF9D289530}.Release|Any CPU.Build.0 = Release|Any CPU
		{45D07470-A728-4413-9283-40D23E829489}.Debug|Any CPU.ActiveCfg = Debug|Any CPU
		{45D07470-A728-4413-9283-40D23E829489}.Debug|Any CPU.Build.0 = Debug|Any CPU
		{45D07470-A728-4413-9283-40D23E829489}.Release|Any CPU.ActiveCfg = Release|Any CPU
		{45D07470-A728-4413-9283-40D23E829489}.Release|Any CPU.Build.0 = Release|Any CPU
	EndGlobalSection
	GlobalSection(SolutionProperties) = preSolution
		HideSolutionNode = FALSE
	EndGlobalSection
	GlobalSection(NestedProjects) = preSolution
		{13CBF5A6-2E77-42D9-9B42-42FF9D289530} = {21D0E274-5ABA-4343-9203-B26D1FBEE1AF}
	EndGlobalSection
EndGlobal
